
Microsoft Visual Studio Solution File, Format Version 12.00
# Visual Studio Version 16
VisualStudioVersion = 16.0.31019.35
MinimumVisualStudioVersion = 10.0.40219.1
Project("{FAE04EC0-301F-11D3-BF4B-00C04F79EFBC}") = "benchmark", "benchmark\benchmark.csproj", "{1A75E841-C9AB-4228-A2A0-95584679FBCD}"
EndProject
Global
	GlobalSection(SolutionConfigurationPlatforms) = preSolution
		Debug|Any CPU = Debug|Any CPU
		Release|Any CPU = Release|Any CPU
	EndGlobalSection
	GlobalSection(ProjectConfigurationPlatforms) = postSolution
		{1A75E841-C9AB-4228-A2A0-95584679FBCD}.Debug|Any CPU.ActiveCfg = Debug|Any CPU
		{1A75E841-C9AB-4228-A2A0-95584679FBCD}.Debug|Any CPU.Build.0 = Debug|Any CPU
		{1A75E841-C9AB-4228-A2A0-95584679FBCD}.Release|Any CPU.ActiveCfg = Release|Any CPU
		{1A75E841-C9AB-4228-A2A0-95584679FBCD}.Release|Any CPU.Build.0 = Release|Any CPU
	EndGlobalSection
	GlobalSection(SolutionProperties) = preSolution
		HideSolutionNode = FALSE
	EndGlobalSection
	GlobalSection(ExtensibilityGlobals) = postSolution
		SolutionGuid = {A863C4AD-A42C-4A59-942B-06231424ED11}
	EndGlobalSection
EndGlobal
